
Microsoft Visual Studio Solution File, Format Version 12.00
# Visual Studio 15
VisualStudioVersion = 15.0.27130.2020
MinimumVisualStudioVersion = 10.0.40219.1
Project("{FAE04EC0-301F-11D3-BF4B-00C04F79EFBC}") = "TeamSourceControl", "TeamSourceControl\TeamSourceControl.csproj", "{DF6FD9E8-E8A7-4C84-8BB7-6FD93B42126A}"
EndProject
Project("{00D1A9C2-B5F0-4AF3-8072-F6C62B433612}") = "StudentDatabase", "GradeDB\StudentDatabase.sqlproj", "{D4610C66-CCB1-4A6C-800B-66E299A05DB9}"
EndProject
Global
	GlobalSection(SolutionConfigurationPlatforms) = preSolution
		Debug|Any CPU = Debug|Any CPU
		Release|Any CPU = Release|Any CPU
	EndGlobalSection
	GlobalSection(ProjectConfigurationPlatforms) = postSolution
		{DF6FD9E8-E8A7-4C84-8BB7-6FD93B42126A}.Debug|Any CPU.ActiveCfg = Debug|Any CPU
		{DF6FD9E8-E8A7-4C84-8BB7-6FD93B42126A}.Debug|Any CPU.Build.0 = Debug|Any CPU
		{DF6FD9E8-E8A7-4C84-8BB7-6FD93B42126A}.Release|Any CPU.ActiveCfg = Release|Any CPU
		{DF6FD9E8-E8A7-4C84-8BB7-6FD93B42126A}.Release|Any CPU.Build.0 = Release|Any CPU
		{D4610C66-CCB1-4A6C-800B-66E299A05DB9}.Debug|Any CPU.ActiveCfg = Debug|Any CPU
		{D4610C66-CCB1-4A6C-800B-66E299A05DB9}.Debug|Any CPU.Build.0 = Debug|Any CPU
		{D4610C66-CCB1-4A6C-800B-66E299A05DB9}.Debug|Any CPU.Deploy.0 = Debug|Any CPU
		{D4610C66-CCB1-4A6C-800B-66E299A05DB9}.Release|Any CPU.ActiveCfg = Release|Any CPU
		{D4610C66-CCB1-4A6C-800B-66E299A05DB9}.Release|Any CPU.Build.0 = Release|Any CPU
		{D4610C66-CCB1-4A6C-800B-66E299A05DB9}.Release|Any CPU.Deploy.0 = Release|Any CPU
	EndGlobalSection
	GlobalSection(SolutionProperties) = preSolution
		HideSolutionNode = FALSE
	EndGlobalSection
	GlobalSection(ExtensibilityGlobals) = postSolution
		SolutionGuid = {9C69F4F6-9A17-4331-86B3-E9A9C5476E5B}
	EndGlobalSection
EndGlobal
